{
  "name": "blog",
  "version": "1.0.0",
  "lockfileVersion": 1,
  "requires": true,
  "dependencies": {
    "@vuepress/plugin-google-analytics": {
      "version": "1.5.2",
      "resolved": "https://registry.npmjs.org/@vuepress/plugin-google-analytics/-/plugin-google-analytics-1.5.2.tgz",
      "integrity": "sha512-MrM/Zs0VbOclL0xKXS/Gi017Kl42oiWHUDr2Uz5VCQjqGB1FyAsQdGLtloE1Y6rtTuDXektsss9Bx9uX0f1amw==",
      "dev": true
    }
  }
}
