# THIS IS AN AUTOGENERATED FILE. DO NOT EDIT THIS FILE DIRECTLY.
# yarn lockfile v1


"@vuepress/plugin-back-to-top@^1.0.0-rc.1":
  version "1.5.2"
  resolved "https://registry.yarnpkg.com/@vuepress/plugin-back-to-top/-/plugin-back-to-top-1.5.2.tgz#d253be7f0b7c2b59ca8fabe10c2f517c96d83b0e"
  integrity sha512-eLieTccUQ8XdIqQXWyp0bftfud9js1idHFFyxuhHWSYAco/vTp7wLz7JdFqr8GnFye9y88B1y34iLnbZLiBlmA==
  dependencies:
    lodash.debounce "^4.0.8"

lodash.debounce@^4.0.8:
  version "4.0.8"
  resolved "https://registry.yarnpkg.com/lodash.debounce/-/lodash.debounce-4.0.8.tgz#82d79bff30a67c4005ffd5e2515300ad9ca4d7af"
  integrity sha1-gteb/zCmfEAF/9XiUVMArZyk168=
