# THIS IS AN AUTOGENERATED FILE. DO NOT EDIT THIS FILE DIRECTLY.
# yarn lockfile v1


"@vuepress/plugin-back-to-top@^1.0.0-rc.1":
  version "1.5.2"
  resolved "https://registry.yarnpkg.com/@vuepress/plugin-back-to-top/-/plugin-back-to-top-1.5.2.tgz#d253be7f0b7c2b59ca8fabe10c2f517c96d83b0e"
  integrity sha512-eLieTccUQ8XdIqQXWyp0bftfud9js1idHFFyxuhHWSYAco/vTp7wLz7JdFqr8GnFye9y88B1y34iLnbZLiBlmA==
  dependencies:
    lodash.debounce "^4.0.8"

lodash.chunk@^4.2.0:
  version "4.2.0"
  resolved "https://registry.yarnpkg.com/lodash.chunk/-/lodash.chunk-4.2.0.tgz#66e5ce1f76ed27b4303d8c6512e8d1216e8106bc"
  integrity sha1-ZuXOH3btJ7QwPYxlEujRIW6BBrw=

lodash.debounce@^4.0.8:
  version "4.0.8"
  resolved "https://registry.yarnpkg.com/lodash.debounce/-/lodash.debounce-4.0.8.tgz#82d79bff30a67c4005ffd5e2515300ad9ca4d7af"
  integrity sha1-gteb/zCmfEAF/9XiUVMArZyk168=

lodash.padstart@^4.6.1:
  version "4.6.1"
  resolved "https://registry.yarnpkg.com/lodash.padstart/-/lodash.padstart-4.6.1.tgz#d2e3eebff0d9d39ad50f5cbd1b52a7bce6bb611b"
  integrity sha1-0uPuv/DZ05rVD1y9G1KnvOa7YRs=

lodash.sortby@^4.7.0:
  version "4.7.0"
  resolved "https://registry.yarnpkg.com/lodash.sortby/-/lodash.sortby-4.7.0.tgz#edd14c824e2cc9c1e0b0a1b42bb5210516a42438"
  integrity sha1-7dFMgk4sycHgsKG0K7UhBRakJDg=

punycode@^2.1.0:
  version "2.1.1"
  resolved "https://registry.yarnpkg.com/punycode/-/punycode-2.1.1.tgz#b58b010ac40c22c5657616c8d2c2c02c7bf479ec"
  integrity sha512-XRsRjdf+j5ml+y/6GKHPZbrF/8p2Yga0JPtdqTIY2Xe5ohJPD9saDJJLPvp9+NSBprVvevdXZybnj2cv8OEd0A==

sitemap@^3.0.0:
  version "3.2.2"
  resolved "https://registry.yarnpkg.com/sitemap/-/sitemap-3.2.2.tgz#3f77c358fa97b555c879e457098e39910095c62b"
  integrity sha512-TModL/WU4m2q/mQcrDgNANn0P4LwprM9MMvG4hu5zP4c6IIKs2YLTu6nXXnNr8ODW/WFtxKggiJ1EGn2W0GNmg==
  dependencies:
    lodash.chunk "^4.2.0"
    lodash.padstart "^4.6.1"
    whatwg-url "^7.0.0"
    xmlbuilder "^13.0.0"

tr46@^1.0.1:
  version "1.0.1"
  resolved "https://registry.yarnpkg.com/tr46/-/tr46-1.0.1.tgz#a8b13fd6bfd2489519674ccde55ba3693b706d09"
  integrity sha1-qLE/1r/SSJUZZ0zN5VujaTtwbQk=
  dependencies:
    punycode "^2.1.0"

vuepress-plugin-sitemap@^2.3.1:
  version "2.3.1"
  resolved "https://registry.yarnpkg.com/vuepress-plugin-sitemap/-/vuepress-plugin-sitemap-2.3.1.tgz#51298aca77a5de96396fdbd1103e1637dd61ae6a"
  integrity sha512-n+8lbukhrKrsI9H/EX0EBgkE1pn85LAQFvQ5dIvrZP4Kz6JxPOPPNTQmZMhahQV1tXbLZQCEN7A1WZH4x+arJQ==
  dependencies:
    sitemap "^3.0.0"

webidl-conversions@^4.0.2:
  version "4.0.2"
  resolved "https://registry.yarnpkg.com/webidl-conversions/-/webidl-conversions-4.0.2.tgz#a855980b1f0b6b359ba1d5d9fb39ae941faa63ad"
  integrity sha512-YQ+BmxuTgd6UXZW3+ICGfyqRyHXVlD5GtQr5+qjiNW7bF0cqrzX500HVXPBOvgXb5YnzDd+h0zqyv61KUD7+Sg==

whatwg-url@^7.0.0:
  version "7.1.0"
  resolved "https://registry.yarnpkg.com/whatwg-url/-/whatwg-url-7.1.0.tgz#c2c492f1eca612988efd3d2266be1b9fc6170d06"
  integrity sha512-WUu7Rg1DroM7oQvGWfOiAK21n74Gg+T4elXEQYkOhtyLeWiJFoOGLXPKI/9gzIie9CtwVLm8wtw6YJdKyxSjeg==
  dependencies:
    lodash.sortby "^4.7.0"
    tr46 "^1.0.1"
    webidl-conversions "^4.0.2"

xmlbuilder@^13.0.0:
  version "13.0.2"
  resolved "https://registry.yarnpkg.com/xmlbuilder/-/xmlbuilder-13.0.2.tgz#02ae33614b6a047d1c32b5389c1fdacb2bce47a7"
  integrity sha512-Eux0i2QdDYKbdbA6AM6xE4m6ZTZr4G4xF9kahI2ukSEMCzwce2eX9WlTI5J3s+NU7hpasFsr8hWIONae7LluAQ==
